// !$*UTF8*$!
{
	archiveVersion = 1;
	classes = {
	};
	objectVersion = 46;
	objects = {

/* Begin PBXBuildFile section */
		5041522814F36105003C1BDA /* NRRootViewController.m in Sources */ = {isa = PBXBuildFile; fileRef = 5041522614F36105003C1BDA /* NRRootViewController.m */; };
		5041522B14F4C1E7003C1BDA /* MediaPlayer.framework in Frameworks */ = {isa = PBXBuildFile; fileRef = 5041522A14F4C1E7003C1BDA /* MediaPlayer.framework */; };
		507E63FE14F771A500D38050 /* artwork.jpg in Resources */ = {isa = PBXBuildFile; fileRef = 507E63FD14F771A500D38050 /* artwork.jpg */; };
		507E640514F771EC00D38050 /* icon.png in Resources */ = {isa = PBXBuildFile; fileRef = 507E640314F771EC00D38050 /* icon.png */; };
		507E640614F771EC00D38050 /* icon@2x.png in Resources */ = {isa = PBXBuildFile; fileRef = 507E640414F771EC00D38050 /* icon@2x.png */; };
		50C44F8E14EFBC9F003B396A /* UIKit.framework in Frameworks */ = {isa = PBXBuildFile; fileRef = 50C44F8D14EFBC9F003B396A /* UIKit.framework */; };
		50C44F9014EFBC9F003B396A /* Foundation.framework in Frameworks */ = {isa = PBXBuildFile; fileRef = 50C44F8F14EFBC9F003B396A /* Foundation.framework */; };
		50C44F9214EFBC9F003B396A /* CoreGraphics.framework in Frameworks */ = {isa = PBXBuildFile; fileRef = 50C44F9114EFBC9F003B396A /* CoreGraphics.framework */; };
		50C44F9814EFBC9F003B396A /* InfoPlist.strings in Resources */ = {isa = PBXBuildFile; fileRef = 50C44F9614EFBC9F003B396A /* InfoPlist.strings */; };
		50C44F9A14EFBC9F003B396A /* main.m in Sources */ = {isa = PBXBuildFile; fileRef = 50C44F9914EFBC9F003B396A /* main.m */; };
		50C44F9E14EFBC9F003B396A /* NRAppDelegate.m in Sources */ = {isa = PBXBuildFile; fileRef = 50C44F9D14EFBC9F003B396A /* NRAppDelegate.m */; };
		50C44FA514EFBCC8003B396A /* AVFoundation.framework in Frameworks */ = {isa = PBXBuildFile; fileRef = 50C44FA414EFBCC8003B396A /* AVFoundation.framework */; };
		50F1751D14F7E9FE00FF5764 /* control-pause.png in Resources */ = {isa = PBXBuildFile; fileRef = 50F1751C14F7E9FE00FF5764 /* control-pause.png */; };
/* End PBXBuildFile section */

/* Begin PBXFileReference section */
		5041522514F36105003C1BDA /* NRRootViewController.h */ = {isa = PBXFileReference; fileEncoding = 4; lastKnownFileType = sourcecode.c.h; name = NRRootViewController.h; path = Controllers/NRRootViewController.h; sourceTree = "<group>"; };
		5041522614F36105003C1BDA /* NRRootViewController.m */ = {isa = PBXFileReference; fileEncoding = 4; lastKnownFileType = sourcecode.c.objc; name = NRRootViewController.m; path = Controllers/NRRootViewController.m; sourceTree = "<group>"; };
		5041522A14F4C1E7003C1BDA /* MediaPlayer.framework */ = {isa = PBXFileReference; lastKnownFileType = wrapper.framework; name = MediaPlayer.framework; path = System/Library/Frameworks/MediaPlayer.framework; sourceTree = SDKROOT; };
		507E63FD14F771A500D38050 /* artwork.jpg */ = {isa = PBXFileReference; lastKnownFileType = image.jpeg; name = artwork.jpg; path = Resources/artwork.jpg; sourceTree = "<group>"; };
		507E640314F771EC00D38050 /* icon.png */ = {isa = PBXFileReference; lastKnownFileType = image.png; name = icon.png; path = Resources/icon.png; sourceTree = "<group>"; };
		507E640414F771EC00D38050 /* icon@2x.png */ = {isa = PBXFileReference; lastKnownFileType = image.png; name = "icon@2x.png"; path = "Resources/icon@2x.png"; sourceTree = "<group>"; };
		50C44F8914EFBC9F003B396A /* НАШЕ радио.app */ = {isa = PBXFileReference; explicitFileType = wrapper.application; includeInIndex = 0; path = "НАШЕ радио.app"; sourceTree = BUILT_PRODUCTS_DIR; };
		50C44F8D14EFBC9F003B396A /* UIKit.framework */ = {isa = PBXFileReference; lastKnownFileType = wrapper.framework; name = UIKit.framework; path = System/Library/Frameworks/UIKit.framework; sourceTree = SDKROOT; };
		50C44F8F14EFBC9F003B396A /* Foundation.framework */ = {isa = PBXFileReference; lastKnownFileType = wrapper.framework; name = Foundation.framework; path = System/Library/Frameworks/Foundation.framework; sourceTree = SDKROOT; };
		50C44F9114EFBC9F003B396A /* CoreGraphics.framework */ = {isa = PBXFileReference; lastKnownFileType = wrapper.framework; name = CoreGraphics.framework; path = System/Library/Frameworks/CoreGraphics.framework; sourceTree = SDKROOT; };
		50C44F9514EFBC9F003B396A /* Nashe-Info.plist */ = {isa = PBXFileReference; lastKnownFileType = text.plist.xml; path = "Nashe-Info.plist"; sourceTree = "<group>"; };
		50C44F9714EFBC9F003B396A /* en */ = {isa = PBXFileReference; lastKnownFileType = text.plist.strings; name = en; path = en.lproj/InfoPlist.strings; sourceTree = "<group>"; };
		50C44F9914EFBC9F003B396A /* main.m */ = {isa = PBXFileReference; lastKnownFileType = sourcecode.c.objc; path = main.m; sourceTree = "<group>"; };
		50C44F9B14EFBC9F003B396A /* Nashe-Prefix.pch */ = {isa = PBXFileReference; lastKnownFileType = sourcecode.c.h; path = "Nashe-Prefix.pch"; sourceTree = "<group>"; };
		50C44F9C14EFBC9F003B396A /* NRAppDelegate.h */ = {isa = PBXFileReference; lastKnownFileType = sourcecode.c.h; path = NRAppDelegate.h; sourceTree = "<group>"; };
		50C44F9D14EFBC9F003B396A /* NRAppDelegate.m */ = {isa = PBXFileReference; lastKnownFileType = sourcecode.c.objc; path = NRAppDelegate.m; sourceTree = "<group>"; };
		50C44FA414EFBCC8003B396A /* AVFoundation.framework */ = {isa = PBXFileReference; lastKnownFileType = wrapper.framework; name = AVFoundation.framework; path = System/Library/Frameworks/AVFoundation.framework; sourceTree = SDKROOT; };
		50F1751C14F7E9FE00FF5764 /* control-pause.png */ = {isa = PBXFileReference; lastKnownFileType = image.png; name = "control-pause.png"; path = "Resources/control-pause.png"; sourceTree = "<group>"; };
/* End PBXFileReference section */

/* Begin PBXFrameworksBuildPhase section */
		50C44F8614EFBC9F003B396A /* Frameworks */ = {
			isa = PBXFrameworksBuildPhase;
			buildActionMask = 2147483647;
			files = (
				5041522B14F4C1E7003C1BDA /* MediaPlayer.framework in Frameworks */,
				50C44FA514EFBCC8003B396A /* AVFoundation.framework in Frameworks */,
				50C44F8E14EFBC9F003B396A /* UIKit.framework in Frameworks */,
				50C44F9014EFBC9F003B396A /* Foundation.framework in Frameworks */,
				50C44F9214EFBC9F003B396A /* CoreGraphics.framework in Frameworks */,
			);
			runOnlyForDeploymentPostprocessing = 0;
		};
/* End PBXFrameworksBuildPhase section */

/* Begin PBXGroup section */
		507E63F714F7717D00D38050 /* Resources */ = {
			isa = PBXGroup;
			children = (
				507E63FD14F771A500D38050 /* artwork.jpg */,
				507E640314F771EC00D38050 /* icon.png */,
				50F1751C14F7E9FE00FF5764 /* control-pause.png */,
				507E640414F771EC00D38050 /* icon@2x.png */,
			);
			name = Resources;
			sourceTree = "<group>";
		};
		5090859A14F19D9800886EF5 /* Controllers */ = {
			isa = PBXGroup;
			children = (
				5041522514F36105003C1BDA /* NRRootViewController.h */,
				5041522614F36105003C1BDA /* NRRootViewController.m */,
			);
			name = Controllers;
			sourceTree = "<group>";
		};
		50C44F7E14EFBC9F003B396A = {
			isa = PBXGroup;
			children = (
				5090859A14F19D9800886EF5 /* Controllers */,
				50C44F8C14EFBC9F003B396A /* Frameworks */,
				50C44F9314EFBC9F003B396A /* Nashe */,
				50C44F8A14EFBC9F003B396A /* Products */,
				507E63F714F7717D00D38050 /* Resources */,
			);
			sourceTree = "<group>";
		};
		50C44F8A14EFBC9F003B396A /* Products */ = {
			isa = PBXGroup;
			children = (
				50C44F8914EFBC9F003B396A /* НАШЕ радио.app */,
			);
			name = Products;
			sourceTree = "<group>";
		};
		50C44F8C14EFBC9F003B396A /* Frameworks */ = {
			isa = PBXGroup;
			children = (
				50C44FA414EFBCC8003B396A /* AVFoundation.framework */,
				50C44F9114EFBC9F003B396A /* CoreGraphics.framework */,
				50C44F8F14EFBC9F003B396A /* Foundation.framework */,
				5041522A14F4C1E7003C1BDA /* MediaPlayer.framework */,
				50C44F8D14EFBC9F003B396A /* UIKit.framework */,
			);
			name = Frameworks;
			sourceTree = "<group>";
		};
		50C44F9314EFBC9F003B396A /* Nashe */ = {
			isa = PBXGroup;
			children = (
				50C44F9C14EFBC9F003B396A /* NRAppDelegate.h */,
				50C44F9D14EFBC9F003B396A /* NRAppDelegate.m */,
				50C44F9414EFBC9F003B396A /* Supporting Files */,
			);
			path = Nashe;
			sourceTree = "<group>";
		};
		50C44F9414EFBC9F003B396A /* Supporting Files */ = {
			isa = PBXGroup;
			children = (
				50C44F9514EFBC9F003B396A /* Nashe-Info.plist */,
				50C44F9614EFBC9F003B396A /* InfoPlist.strings */,
				50C44F9914EFBC9F003B396A /* main.m */,
				50C44F9B14EFBC9F003B396A /* Nashe-Prefix.pch */,
			);
			name = "Supporting Files";
			sourceTree = "<group>";
		};
/* End PBXGroup section */

/* Begin PBXNativeTarget section */
		50C44F8814EFBC9F003B396A /* Nashe */ = {
			isa = PBXNativeTarget;
			buildConfigurationList = 50C44FA114EFBC9F003B396A /* Build configuration list for PBXNativeTarget "Nashe" */;
			buildPhases = (
				50C44F8514EFBC9F003B396A /* Sources */,
				50C44F8614EFBC9F003B396A /* Frameworks */,
				50C44F8714EFBC9F003B396A /* Resources */,
			);
			buildRules = (
			);
			dependencies = (
			);
			name = Nashe;
			productName = Nashe;
			productReference = 50C44F8914EFBC9F003B396A /* НАШЕ радио.app */;
			productType = "com.apple.product-type.application";
		};
/* End PBXNativeTarget section */

/* Begin PBXProject section */
		50C44F8014EFBC9F003B396A /* Project object */ = {
			isa = PBXProject;
			attributes = {
				CLASSPREFIX = NR;
				LastUpgradeCheck = 0430;
			};
			buildConfigurationList = 50C44F8314EFBC9F003B396A /* Build configuration list for PBXProject "Nashe" */;
			compatibilityVersion = "Xcode 3.2";
			developmentRegion = English;
			hasScannedForEncodings = 0;
			knownRegions = (
				en,
			);
			mainGroup = 50C44F7E14EFBC9F003B396A;
			productRefGroup = 50C44F8A14EFBC9F003B396A /* Products */;
			projectDirPath = "";
			projectRoot = "";
			targets = (
				50C44F8814EFBC9F003B396A /* Nashe */,
			);
		};
/* End PBXProject section */

/* Begin PBXResourcesBuildPhase section */
		50C44F8714EFBC9F003B396A /* Resources */ = {
			isa = PBXResourcesBuildPhase;
			buildActionMask = 2147483647;
			files = (
				50C44F9814EFBC9F003B396A /* InfoPlist.strings in Resources */,
				507E63FE14F771A500D38050 /* artwork.jpg in Resources */,
				507E640514F771EC00D38050 /* icon.png in Resources */,
				507E640614F771EC00D38050 /* icon@2x.png in Resources */,
				50F1751D14F7E9FE00FF5764 /* control-pause.png in Resources */,
			);
			runOnlyForDeploymentPostprocessing = 0;
		};
/* End PBXResourcesBuildPhase section */

/* Begin PBXSourcesBuildPhase section */
		50C44F8514EFBC9F003B396A /* Sources */ = {
			isa = PBXSourcesBuildPhase;
			buildActionMask = 2147483647;
			files = (
				50C44F9A14EFBC9F003B396A /* main.m in Sources */,
				50C44F9E14EFBC9F003B396A /* NRAppDelegate.m in Sources */,
				5041522814F36105003C1BDA /* NRRootViewController.m in Sources */,
			);
			runOnlyForDeploymentPostprocessing = 0;
		};
/* End PBXSourcesBuildPhase section */

/* Begin PBXVariantGroup section */
		50C44F9614EFBC9F003B396A /* InfoPlist.strings */ = {
			isa = PBXVariantGroup;
			children = (
				50C44F9714EFBC9F003B396A /* en */,
			);
			name = InfoPlist.strings;
			sourceTree = "<group>";
		};
/* End PBXVariantGroup section */

/* Begin XCBuildConfiguration section */
		50C44F9F14EFBC9F003B396A /* Debug */ = {
			isa = XCBuildConfiguration;
			buildSettings = {
				ALWAYS_SEARCH_USER_PATHS = NO;
				ARCHS = "$(ARCHS_STANDARD_32_BIT)";
				"CODE_SIGN_IDENTITY[sdk=iphoneos*]" = "iPhone Developer";
				COPY_PHASE_STRIP = NO;
				GCC_C_LANGUAGE_STANDARD = gnu99;
				GCC_DYNAMIC_NO_PIC = NO;
				GCC_OPTIMIZATION_LEVEL = 0;
				GCC_PREPROCESSOR_DEFINITIONS = (
					"DEBUG=1",
					"$(inherited)",
				);
				GCC_SYMBOLS_PRIVATE_EXTERN = NO;
				GCC_VERSION = com.apple.compilers.llvm.clang.1_0;
				GCC_WARN_ABOUT_RETURN_TYPE = YES;
				GCC_WARN_UNINITIALIZED_AUTOS = YES;
				GCC_WARN_UNUSED_VARIABLE = YES;
				IPHONEOS_DEPLOYMENT_TARGET = 5.0;
				SDKROOT = iphoneos;
			};
			name = Debug;
		};
		50C44FA014EFBC9F003B396A /* Release */ = {
			isa = XCBuildConfiguration;
			buildSettings = {
				ALWAYS_SEARCH_USER_PATHS = NO;
				ARCHS = "$(ARCHS_STANDARD_32_BIT)";
				"CODE_SIGN_IDENTITY[sdk=iphoneos*]" = "iPhone Developer";
				COPY_PHASE_STRIP = YES;
				GCC_C_LANGUAGE_STANDARD = gnu99;
				GCC_VERSION = com.apple.compilers.llvm.clang.1_0;
				GCC_WARN_ABOUT_RETURN_TYPE = YES;
				GCC_WARN_UNINITIALIZED_AUTOS = YES;
				GCC_WARN_UNUSED_VARIABLE = YES;
				IPHONEOS_DEPLOYMENT_TARGET = 5.0;
				OTHER_CFLAGS = "-DNS_BLOCK_ASSERTIONS=1";
				SDKROOT = iphoneos;
				VALIDATE_PRODUCT = YES;
			};
			name = Release;
		};
		50C44FA214EFBC9F003B396A /* Debug */ = {
			isa = XCBuildConfiguration;
			buildSettings = {
				CODE_SIGN_IDENTITY = "iPhone Developer";
				"CODE_SIGN_IDENTITY[sdk=iphoneos*]" = "iPhone Developer";
				GCC_PRECOMPILE_PREFIX_HEADER = YES;
				GCC_PREFIX_HEADER = "Nashe/Nashe-Prefix.pch";
				INFOPLIST_FILE = "Nashe/Nashe-Info.plist";
				IPHONEOS_DEPLOYMENT_TARGET = 4.0;
				PRODUCT_NAME = "НАШЕ радио";
				PROVISIONING_PROFILE = "";
				"PROVISIONING_PROFILE[sdk=iphoneos*]" = "";
				WRAPPER_EXTENSION = app;
			};
			name = Debug;
		};
		50C44FA314EFBC9F003B396A /* Release */ = {
			isa = XCBuildConfiguration;
			buildSettings = {
				CODE_SIGN_IDENTITY = "iPhone Developer";
				"CODE_SIGN_IDENTITY[sdk=iphoneos*]" = "";
				GCC_PRECOMPILE_PREFIX_HEADER = YES;
				GCC_PREFIX_HEADER = "Nashe/Nashe-Prefix.pch";
				INFOPLIST_FILE = "Nashe/Nashe-Info.plist";
				IPHONEOS_DEPLOYMENT_TARGET = 4.0;
				PRODUCT_NAME = "НАШЕ радио";
				PROVISIONING_PROFILE = "";
				WRAPPER_EXTENSION = app;
			};
			name = Release;
		};
/* End XCBuildConfiguration section */

/* Begin XCConfigurationList section */
		50C44F8314EFBC9F003B396A /* Build configuration list for PBXProject "Nashe" */ = {
			isa = XCConfigurationList;
			buildConfigurations = (
				50C44F9F14EFBC9F003B396A /* Debug */,
				50C44FA014EFBC9F003B396A /* Release */,
			);
			defaultConfigurationIsVisible = 0;
			defaultConfigurationName = Release;
		};
		50C44FA114EFBC9F003B396A /* Build configuration list for PBXNativeTarget "Nashe" */ = {
			isa = XCConfigurationList;
			buildConfigurations = (
				50C44FA214EFBC9F003B396A /* Debug */,
				50C44FA314EFBC9F003B396A /* Release */,
			);
			defaultConfigurationIsVisible = 0;
			defaultConfigurationName = Release;
		};
/* End XCConfigurationList section */
	};
	rootObject = 50C44F8014EFBC9F003B396A /* Project object */;
}
